
Microsoft Visual Studio Solution File, Format Version 12.00
# Visual Studio Version 17
VisualStudioVersion = 17.0.31919.166
MinimumVisualStudioVersion = 10.0.40219.1
Project("{8BC9CEB8-8B4A-11D0-8D11-00A0C91BC942}") = "Game", "Game.vcxproj", "{15C06B2B-522E-479F-BF4B-A65EADB4B056}"
EndProject
Global
	GlobalSection(SolutionConfigurationPlatforms) = preSolution
		Debug|x64 = Debug|x64
		Debug|x86 = Debug|x86
		Release|x64 = Release|x64
		Release|x86 = Release|x86
	EndGlobalSection
	GlobalSection(ProjectConfigurationPlatforms) = postSolution
		{15C06B2B-522E-479F-BF4B-A65EADB4B056}.Debug|x64.ActiveCfg = Debug|x64
		{15C06B2B-522E-479F-BF4B-A65EADB4B056}.Debug|x64.Build.0 = Debug|x64
		{15C06B2B-522E-479F-BF4B-A65EADB4B056}.Debug|x86.ActiveCfg = Debug|Win32
		{15C06B2B-522E-479F-BF4B-A65EADB4B056}.Debug|x86.Build.0 = Debug|Win32
		{15C06B2B-522E-479F-BF4B-A65EADB4B056}.Release|x64.ActiveCfg = Release|x64
		{15C06B2B-522E-479F-BF4B-A65EADB4B056}.Release|x64.Build.0 = Release|x64
		{15C06B2B-522E-479F-BF4B-A65EADB4B056}.Release|x86.ActiveCfg = Release|Win32
		{15C06B2B-522E-479F-BF4B-A65EADB4B056}.Release|x86.Build.0 = Release|Win32
	EndGlobalSection
	GlobalSection(SolutionProperties) = preSolution
		HideSolutionNode = FALSE
	EndGlobalSection
	GlobalSection(ExtensibilityGlobals) = postSolution
		SolutionGuid = {D7C05283-01C2-42F4-9D9D-69B631889105}
	EndGlobalSection
EndGlobal
